
Microsoft Visual Studio Solution File, Format Version 12.00
# Visual Studio 2012
Project("{FAE04EC0-301F-11D3-BF4B-00C04F79EFBC}") = "GHGedit", "GHGedit.csproj", "{498C47AD-660D-49C4-BE9F-49D17B3DB751}"
EndProject
Project("{2150E333-8FDC-42A3-9474-1A3956D46DE8}") = ".nuget", ".nuget", "{55899E05-A516-42A7-BB3D-122F50A39F5E}"
	ProjectSection(SolutionItems) = preProject
		.nuget\NuGet.Config = .nuget\NuGet.Config
		.nuget\NuGet.exe = .nuget\NuGet.exe
		.nuget\NuGet.targets = .nuget\NuGet.targets
	EndProjectSection
EndProject
Project("{2150E333-8FDC-42A3-9474-1A3956D46DE8}") = "Solution Items", "Solution Items", "{983DB33F-81B7-497E-9C7A-479238681C91}"
	ProjectSection(SolutionItems) = preProject
		Class1.cs = Class1.cs
	EndProjectSection
EndProject
Project("{CC5FD16D-436D-48AD-A40C-5A424C6E3E79}") = "LoaderRest", "..\LoaderRest\LoaderRest.ccproj", "{3D861E47-E1B2-49B9-A375-E78443C9129A}"
EndProject
Project("{FAE04EC0-301F-11D3-BF4B-00C04F79EFBC}") = "MvcWebRole1", "MvcWebRole1\MvcWebRole1.csproj", "{D62D4189-A832-40C7-A82B-34526150CB74}"
EndProject
Project("{FAE04EC0-301F-11D3-BF4B-00C04F79EFBC}") = "MvcWebRole1.Tests", "MvcWebRole1.Tests\MvcWebRole1.Tests.csproj", "{4EB58605-66A7-4EF9-BA3D-099FFDEC6653}"
EndProject
Global
	GlobalSection(SolutionConfigurationPlatforms) = preSolution
		Debug|Any CPU = Debug|Any CPU
		Release|Any CPU = Release|Any CPU
	EndGlobalSection
	GlobalSection(ProjectConfigurationPlatforms) = postSolution
		{498C47AD-660D-49C4-BE9F-49D17B3DB751}.Debug|Any CPU.ActiveCfg = Debug|Any CPU
		{498C47AD-660D-49C4-BE9F-49D17B3DB751}.Debug|Any CPU.Build.0 = Debug|Any CPU
		{498C47AD-660D-49C4-BE9F-49D17B3DB751}.Release|Any CPU.ActiveCfg = Release|Any CPU
		{498C47AD-660D-49C4-BE9F-49D17B3DB751}.Release|Any CPU.Build.0 = Release|Any CPU
		{3D861E47-E1B2-49B9-A375-E78443C9129A}.Debug|Any CPU.ActiveCfg = Debug|Any CPU
		{3D861E47-E1B2-49B9-A375-E78443C9129A}.Debug|Any CPU.Build.0 = Debug|Any CPU
		{3D861E47-E1B2-49B9-A375-E78443C9129A}.Release|Any CPU.ActiveCfg = Release|Any CPU
		{3D861E47-E1B2-49B9-A375-E78443C9129A}.Release|Any CPU.Build.0 = Release|Any CPU
		{D62D4189-A832-40C7-A82B-34526150CB74}.Debug|Any CPU.ActiveCfg = Debug|Any CPU
		{D62D4189-A832-40C7-A82B-34526150CB74}.Debug|Any CPU.Build.0 = Debug|Any CPU
		{D62D4189-A832-40C7-A82B-34526150CB74}.Release|Any CPU.ActiveCfg = Release|Any CPU
		{D62D4189-A832-40C7-A82B-34526150CB74}.Release|Any CPU.Build.0 = Release|Any CPU
		{4EB58605-66A7-4EF9-BA3D-099FFDEC6653}.Debug|Any CPU.ActiveCfg = Debug|Any CPU
		{4EB58605-66A7-4EF9-BA3D-099FFDEC6653}.Debug|Any CPU.Build.0 = Debug|Any CPU
		{4EB58605-66A7-4EF9-BA3D-099FFDEC6653}.Release|Any CPU.ActiveCfg = Release|Any CPU
		{4EB58605-66A7-4EF9-BA3D-099FFDEC6653}.Release|Any CPU.Build.0 = Release|Any CPU
	EndGlobalSection
	GlobalSection(SolutionProperties) = preSolution
		HideSolutionNode = FALSE
	EndGlobalSection
EndGlobal
